
Microsoft Visual Studio Solution File, Format Version 12.00
# Visual Studio Version 16
VisualStudioVersion = 16.0.29613.14
MinimumVisualStudioVersion = 10.0.40219.1
Project("{FAE04EC0-301F-11D3-BF4B-00C04F79EFBC}") = "WindowsFormsApp", "WindowsFormsApp\WindowsFormsApp.csproj", "{06E22608-18ED-4D94-A220-FF8E163821B5}"
EndProject
Project("{FAE04EC0-301F-11D3-BF4B-00C04F79EFBC}") = "ClassLibrary1", "ClassLibrary1\ClassLibrary1.csproj", "{8DCDAA0F-1672-4367-ABE3-0FEF339F8B71}"
EndProject
Global
	GlobalSection(SolutionConfigurationPlatforms) = preSolution
		Debug|Any CPU = Debug|Any CPU
		Release|Any CPU = Release|Any CPU
	EndGlobalSection
	GlobalSection(ProjectConfigurationPlatforms) = postSolution
		{06E22608-18ED-4D94-A220-FF8E163821B5}.Debug|Any CPU.ActiveCfg = Debug|Any CPU
		{06E22608-18ED-4D94-A220-FF8E163821B5}.Debug|Any CPU.Build.0 = Debug|Any CPU
		{06E22608-18ED-4D94-A220-FF8E163821B5}.Release|Any CPU.ActiveCfg = Release|Any CPU
		{06E22608-18ED-4D94-A220-FF8E163821B5}.Release|Any CPU.Build.0 = Release|Any CPU
		{8DCDAA0F-1672-4367-ABE3-0FEF339F8B71}.Debug|Any CPU.ActiveCfg = Debug|Any CPU
		{8DCDAA0F-1672-4367-ABE3-0FEF339F8B71}.Debug|Any CPU.Build.0 = Debug|Any CPU
		{8DCDAA0F-1672-4367-ABE3-0FEF339F8B71}.Release|Any CPU.ActiveCfg = Release|Any CPU
		{8DCDAA0F-1672-4367-ABE3-0FEF339F8B71}.Release|Any CPU.Build.0 = Release|Any CPU
	EndGlobalSection
	GlobalSection(SolutionProperties) = preSolution
		HideSolutionNode = FALSE
	EndGlobalSection
	GlobalSection(ExtensibilityGlobals) = postSolution
		SolutionGuid = {B9F16ABB-0357-48F7-B626-B0F1F33F1830}
	EndGlobalSection
EndGlobal
